
Microsoft Visual Studio Solution File, Format Version 12.00
# Visual Studio 14
VisualStudioVersion = 14.0.25123.0
MinimumVisualStudioVersion = 10.0.40219.1
Project("{FAE04EC0-301F-11D3-BF4B-00C04F79EFBC}") = "MVVM.Droid", "MVVM\MVVM.Droid\MVVM.Droid.csproj", "{7B5F534D-C853-4458-89AC-DCCF04E9253F}"
EndProject
Project("{FAE04EC0-301F-11D3-BF4B-00C04F79EFBC}") = "MVVM.iOS", "MVVM\MVVM.iOS\MVVM.iOS.csproj", "{B78AEDD7-EFBA-40E0-82B3-FA558CD4FEE9}"
EndProject
Project("{FAE04EC0-301F-11D3-BF4B-00C04F79EFBC}") = "MVVM.WinPhone", "MVVM\MVVM.WinPhone\MVVM.WinPhone.csproj", "{D6F2764D-FBDB-41A4-8F94-C660C361EE91}"
EndProject
Project("{FAE04EC0-301F-11D3-BF4B-00C04F79EFBC}") = "MVVM.UWP", "MVVM\MVVM.UWP\MVVM.UWP.csproj", "{7887F488-6119-483B-8AE1-6193A10E1263}"
EndProject
Project("{FAE04EC0-301F-11D3-BF4B-00C04F79EFBC}") = "MVVM.Windows", "MVVM\MVVM.Windows\MVVM.Windows.csproj", "{0D9CBBA2-2627-4DC0-929A-0BF53DB68F5A}"
EndProject
Project("{FAE04EC0-301F-11D3-BF4B-00C04F79EFBC}") = "MVVM", "MVVM\MVVM\MVVM.csproj", "{AA8F11EF-E209-43EA-96B1-BB7BBE9DC582}"
EndProject
Project("{FAE04EC0-301F-11D3-BF4B-00C04F79EFBC}") = "APIforDB", "APIforDB\APIforDB.csproj", "{87ADB2AB-1FFA-4FF0-BAD8-DB32D865E8B8}"
EndProject
Global
	GlobalSection(SolutionConfigurationPlatforms) = preSolution
		Ad-Hoc|Any CPU = Ad-Hoc|Any CPU
		Ad-Hoc|ARM = Ad-Hoc|ARM
		Ad-Hoc|iPhone = Ad-Hoc|iPhone
		Ad-Hoc|iPhoneSimulator = Ad-Hoc|iPhoneSimulator
		Ad-Hoc|x64 = Ad-Hoc|x64
		Ad-Hoc|x86 = Ad-Hoc|x86
		AppStore|Any CPU = AppStore|Any CPU
		AppStore|ARM = AppStore|ARM
		AppStore|iPhone = AppStore|iPhone
		AppStore|iPhoneSimulator = AppStore|iPhoneSimulator
		AppStore|x64 = AppStore|x64
		AppStore|x86 = AppStore|x86
		Debug|Any CPU = Debug|Any CPU
		Debug|ARM = Debug|ARM
		Debug|iPhone = Debug|iPhone
		Debug|iPhoneSimulator = Debug|iPhoneSimulator
		Debug|x64 = Debug|x64
		Debug|x86 = Debug|x86
		Release|Any CPU = Release|Any CPU
		Release|ARM = Release|ARM
		Release|iPhone = Release|iPhone
		Release|iPhoneSimulator = Release|iPhoneSimulator
		Release|x64 = Release|x64
		Release|x86 = Release|x86
	EndGlobalSection
	GlobalSection(ProjectConfigurationPlatforms) = postSolution
		{7B5F534D-C853-4458-89AC-DCCF04E9253F}.Ad-Hoc|Any CPU.ActiveCfg = Release|Any CPU
		{7B5F534D-C853-4458-89AC-DCCF04E9253F}.Ad-Hoc|Any CPU.Build.0 = Release|Any CPU
		{7B5F534D-C853-4458-89AC-DCCF04E9253F}.Ad-Hoc|Any CPU.Deploy.0 = Release|Any CPU
		{7B5F534D-C853-4458-89AC-DCCF04E9253F}.Ad-Hoc|ARM.ActiveCfg = Release|Any CPU
		{7B5F534D-C853-4458-89AC-DCCF04E9253F}.Ad-Hoc|ARM.Build.0 = Release|Any CPU
		{7B5F534D-C853-4458-89AC-DCCF04E9253F}.Ad-Hoc|ARM.Deploy.0 = Release|Any CPU
		{7B5F534D-C853-4458-89AC-DCCF04E9253F}.Ad-Hoc|iPhone.ActiveCfg = Release|Any CPU
		{7B5F534D-C853-4458-89AC-DCCF04E9253F}.Ad-Hoc|iPhone.Build.0 = Release|Any CPU
		{7B5F534D-C853-4458-89AC-DCCF04E9253F}.Ad-Hoc|iPhone.Deploy.0 = Release|Any CPU
		{7B5F534D-C853-4458-89AC-DCCF04E9253F}.Ad-Hoc|iPhoneSimulator.ActiveCfg = Release|Any CPU
		{7B5F534D-C853-4458-89AC-DCCF04E9253F}.Ad-Hoc|iPhoneSimulator.Build.0 = Release|Any CPU
		{7B5F534D-C853-4458-89AC-DCCF04E9253F}.Ad-Hoc|iPhoneSimulator.Deploy.0 = Release|Any CPU
		{7B5F534D-C853-4458-89AC-DCCF04E9253F}.Ad-Hoc|x64.ActiveCfg = Release|Any CPU
		{7B5F534D-C853-4458-89AC-DCCF04E9253F}.Ad-Hoc|x64.Build.0 = Release|Any CPU
		{7B5F534D-C853-4458-89AC-DCCF04E9253F}.Ad-Hoc|x64.Deploy.0 = Release|Any CPU
		{7B5F534D-C853-4458-89AC-DCCF04E9253F}.Ad-Hoc|x86.ActiveCfg = Release|Any CPU
		{7B5F534D-C853-4458-89AC-DCCF04E9253F}.Ad-Hoc|x86.Build.0 = Release|Any CPU
		{7B5F534D-C853-4458-89AC-DCCF04E9253F}.Ad-Hoc|x86.Deploy.0 = Release|Any CPU
		{7B5F534D-C853-4458-89AC-DCCF04E9253F}.AppStore|Any CPU.ActiveCfg = Release|Any CPU
		{7B5F534D-C853-4458-89AC-DCCF04E9253F}.AppStore|Any CPU.Build.0 = Release|Any CPU
		{7B5F534D-C853-4458-89AC-DCCF04E9253F}.AppStore|Any CPU.Deploy.0 = Release|Any CPU
		{7B5F534D-C853-4458-89AC-DCCF04E9253F}.AppStore|ARM.ActiveCfg = Release|Any CPU
		{7B5F534D-C853-4458-89AC-DCCF04E9253F}.AppStore|ARM.Build.0 = Release|Any CPU
		{7B5F534D-C853-4458-89AC-DCCF04E9253F}.AppStore|ARM.Deploy.0 = Release|Any CPU
		{7B5F534D-C853-4458-89AC-DCCF04E9253F}.AppStore|iPhone.ActiveCfg = Release|Any CPU
		{7B5F534D-C853-4458-89AC-DCCF04E9253F}.AppStore|iPhone.Build.0 = Release|Any CPU
		{7B5F534D-C853-4458-89AC-DCCF04E9253F}.AppStore|iPhone.Deploy.0 = Release|Any CPU
		{7B5F534D-C853-4458-89AC-DCCF04E9253F}.AppStore|iPhoneSimulator.ActiveCfg = Release|Any CPU
		{7B5F534D-C853-4458-89AC-DCCF04E9253F}.AppStore|iPhoneSimulator.Build.0 = Release|Any CPU
		{7B5F534D-C853-4458-89AC-DCCF04E9253F}.AppStore|iPhoneSimulator.Deploy.0 = Release|Any CPU
		{7B5F534D-C853-4458-89AC-DCCF04E9253F}.AppStore|x64.ActiveCfg = Release|Any CPU
		{7B5F534D-C853-4458-89AC-DCCF04E9253F}.AppStore|x64.Build.0 = Release|Any CPU
		{7B5F534D-C853-4458-89AC-DCCF04E9253F}.AppStore|x64.Deploy.0 = Release|Any CPU
		{7B5F534D-C853-4458-89AC-DCCF04E9253F}.AppStore|x86.ActiveCfg = Release|Any CPU
		{7B5F534D-C853-4458-89AC-DCCF04E9253F}.AppStore|x86.Build.0 = Release|Any CPU
		{7B5F534D-C853-4458-89AC-DCCF04E9253F}.AppStore|x86.Deploy.0 = Release|Any CPU
		{7B5F534D-C853-4458-89AC-DCCF04E9253F}.Debug|Any CPU.ActiveCfg = Debug|Any CPU
		{7B5F534D-C853-4458-89AC-DCCF04E9253F}.Debug|Any CPU.Build.0 = Debug|Any CPU
		{7B5F534D-C853-4458-89AC-DCCF04E9253F}.Debug|Any CPU.Deploy.0 = Debug|Any CPU
		{7B5F534D-C853-4458-89AC-DCCF04E9253F}.Debug|ARM.ActiveCfg = Debug|Any CPU
		{7B5F534D-C853-4458-89AC-DCCF04E9253F}.Debug|ARM.Build.0 = Debug|Any CPU
		{7B5F534D-C853-4458-89AC-DCCF04E9253F}.Debug|ARM.Deploy.0 = Debug|Any CPU
		{7B5F534D-C853-4458-89AC-DCCF04E9253F}.Debug|iPhone.ActiveCfg = Debug|Any CPU
		{7B5F534D-C853-4458-89AC-DCCF04E9253F}.Debug|iPhone.Build.0 = Debug|Any CPU
		{7B5F534D-C853-4458-89AC-DCCF04E9253F}.Debug|iPhone.Deploy.0 = Debug|Any CPU
		{7B5F534D-C853-4458-89AC-DCCF04E9253F}.Debug|iPhoneSimulator.ActiveCfg = Debug|Any CPU
		{7B5F534D-C853-4458-89AC-DCCF04E9253F}.Debug|iPhoneSimulator.Build.0 = Debug|Any CPU
		{7B5F534D-C853-4458-89AC-DCCF04E9253F}.Debug|iPhoneSimulator.Deploy.0 = Debug|Any CPU
		{7B5F534D-C853-4458-89AC-DCCF04E9253F}.Debug|x64.ActiveCfg = Debug|Any CPU
		{7B5F534D-C853-4458-89AC-DCCF04E9253F}.Debug|x64.Build.0 = Debug|Any CPU
		{7B5F534D-C853-4458-89AC-DCCF04E9253F}.Debug|x64.Deploy.0 = Debug|Any CPU
		{7B5F534D-C853-4458-89AC-DCCF04E9253F}.Debug|x86.ActiveCfg = Debug|Any CPU
		{7B5F534D-C853-4458-89AC-DCCF04E9253F}.Debug|x86.Build.0 = Debug|Any CPU
		{7B5F534D-C853-4458-89AC-DCCF04E9253F}.Debug|x86.Deploy.0 = Debug|Any CPU
		{7B5F534D-C853-4458-89AC-DCCF04E9253F}.Release|Any CPU.ActiveCfg = Release|Any CPU
		{7B5F534D-C853-4458-89AC-DCCF04E9253F}.Release|Any CPU.Build.0 = Release|Any CPU
		{7B5F534D-C853-4458-89AC-DCCF04E9253F}.Release|Any CPU.Deploy.0 = Release|Any CPU
		{7B5F534D-C853-4458-89AC-DCCF04E9253F}.Release|ARM.ActiveCfg = Release|Any CPU
		{7B5F534D-C853-4458-89AC-DCCF04E9253F}.Release|ARM.Build.0 = Release|Any CPU
		{7B5F534D-C853-4458-89AC-DCCF04E9253F}.Release|ARM.Deploy.0 = Release|Any CPU
		{7B5F534D-C853-4458-89AC-DCCF04E9253F}.Release|iPhone.ActiveCfg = Release|Any CPU
		{7B5F534D-C853-4458-89AC-DCCF04E9253F}.Release|iPhone.Build.0 = Release|Any CPU
		{7B5F534D-C853-4458-89AC-DCCF04E9253F}.Release|iPhone.Deploy.0 = Release|Any CPU
		{7B5F534D-C853-4458-89AC-DCCF04E9253F}.Release|iPhoneSimulator.ActiveCfg = Release|Any CPU
		{7B5F534D-C853-4458-89AC-DCCF04E9253F}.Release|iPhoneSimulator.Build.0 = Release|Any CPU
		{7B5F534D-C853-4458-89AC-DCCF04E9253F}.Release|iPhoneSimulator.Deploy.0 = Release|Any CPU
		{7B5F534D-C853-4458-89AC-DCCF04E9253F}.Release|x64.ActiveCfg = Release|Any CPU
		{7B5F534D-C853-4458-89AC-DCCF04E9253F}.Release|x64.Build.0 = Release|Any CPU
		{7B5F534D-C853-4458-89AC-DCCF04E9253F}.Release|x64.Deploy.0 = Release|Any CPU
		{7B5F534D-C853-4458-89AC-DCCF04E9253F}.Release|x86.ActiveCfg = Release|Any CPU
		{7B5F534D-C853-4458-89AC-DCCF04E9253F}.Release|x86.Build.0 = Release|Any CPU
		{7B5F534D-C853-4458-89AC-DCCF04E9253F}.Release|x86.Deploy.0 = Release|Any CPU
		{B78AEDD7-EFBA-40E0-82B3-FA558CD4FEE9}.Ad-Hoc|Any CPU.ActiveCfg = Ad-Hoc|iPhone
		{B78AEDD7-EFBA-40E0-82B3-FA558CD4FEE9}.Ad-Hoc|ARM.ActiveCfg = Ad-Hoc|iPhone
		{B78AEDD7-EFBA-40E0-82B3-FA558CD4FEE9}.Ad-Hoc|iPhone.ActiveCfg = Ad-Hoc|iPhone
		{B78AEDD7-EFBA-40E0-82B3-FA558CD4FEE9}.Ad-Hoc|iPhone.Build.0 = Ad-Hoc|iPhone
		{B78AEDD7-EFBA-40E0-82B3-FA558CD4FEE9}.Ad-Hoc|iPhoneSimulator.ActiveCfg = Ad-Hoc|iPhoneSimulator
		{B78AEDD7-EFBA-40E0-82B3-FA558CD4FEE9}.Ad-Hoc|iPhoneSimulator.Build.0 = Ad-Hoc|iPhoneSimulator
		{B78AEDD7-EFBA-40E0-82B3-FA558CD4FEE9}.Ad-Hoc|x64.ActiveCfg = Ad-Hoc|iPhone
		{B78AEDD7-EFBA-40E0-82B3-FA558CD4FEE9}.Ad-Hoc|x86.ActiveCfg = Ad-Hoc|iPhone
		{B78AEDD7-EFBA-40E0-82B3-FA558CD4FEE9}.AppStore|Any CPU.ActiveCfg = AppStore|iPhone
		{B78AEDD7-EFBA-40E0-82B3-FA558CD4FEE9}.AppStore|ARM.ActiveCfg = AppStore|iPhone
		{B78AEDD7-EFBA-40E0-82B3-FA558CD4FEE9}.AppStore|iPhone.ActiveCfg = AppStore|iPhone
		{B78AEDD7-EFBA-40E0-82B3-FA558CD4FEE9}.AppStore|iPhone.Build.0 = AppStore|iPhone
		{B78AEDD7-EFBA-40E0-82B3-FA558CD4FEE9}.AppStore|iPhoneSimulator.ActiveCfg = AppStore|iPhoneSimulator
		{B78AEDD7-EFBA-40E0-82B3-FA558CD4FEE9}.AppStore|iPhoneSimulator.Build.0 = AppStore|iPhoneSimulator
		{B78AEDD7-EFBA-40E0-82B3-FA558CD4FEE9}.AppStore|x64.ActiveCfg = AppStore|iPhone
		{B78AEDD7-EFBA-40E0-82B3-FA558CD4FEE9}.AppStore|x86.ActiveCfg = AppStore|iPhone
		{B78AEDD7-EFBA-40E0-82B3-FA558CD4FEE9}.Debug|Any CPU.ActiveCfg = Debug|iPhone
		{B78AEDD7-EFBA-40E0-82B3-FA558CD4FEE9}.Debug|ARM.ActiveCfg = Debug|iPhone
		{B78AEDD7-EFBA-40E0-82B3-FA558CD4FEE9}.Debug|iPhone.ActiveCfg = Debug|iPhone
		{B78AEDD7-EFBA-40E0-82B3-FA558CD4FEE9}.Debug|iPhone.Build.0 = Debug|iPhone
		{B78AEDD7-EFBA-40E0-82B3-FA558CD4FEE9}.Debug|iPhoneSimulator.ActiveCfg = Debug|iPhoneSimulator
		{B78AEDD7-EFBA-40E0-82B3-FA558CD4FEE9}.Debug|iPhoneSimulator.Build.0 = Debug|iPhoneSimulator
		{B78AEDD7-EFBA-40E0-82B3-FA558CD4FEE9}.Debug|x64.ActiveCfg = Debug|iPhone
		{B78AEDD7-EFBA-40E0-82B3-FA558CD4FEE9}.Debug|x86.ActiveCfg = Debug|iPhone
		{B78AEDD7-EFBA-40E0-82B3-FA558CD4FEE9}.Release|Any CPU.ActiveCfg = Release|iPhone
		{B78AEDD7-EFBA-40E0-82B3-FA558CD4FEE9}.Release|ARM.ActiveCfg = Release|iPhone
		{B78AEDD7-EFBA-40E0-82B3-FA558CD4FEE9}.Release|iPhone.ActiveCfg = Release|iPhone
		{B78AEDD7-EFBA-40E0-82B3-FA558CD4FEE9}.Release|iPhone.Build.0 = Release|iPhone
		{B78AEDD7-EFBA-40E0-82B3-FA558CD4FEE9}.Release|iPhoneSimulator.ActiveCfg = Release|iPhoneSimulator
		{B78AEDD7-EFBA-40E0-82B3-FA558CD4FEE9}.Release|iPhoneSimulator.Build.0 = Release|iPhoneSimulator
		{B78AEDD7-EFBA-40E0-82B3-FA558CD4FEE9}.Release|x64.ActiveCfg = Release|iPhone
		{B78AEDD7-EFBA-40E0-82B3-FA558CD4FEE9}.Release|x86.ActiveCfg = Release|iPhone
		{D6F2764D-FBDB-41A4-8F94-C660C361EE91}.Ad-Hoc|Any CPU.ActiveCfg = Release|Any CPU
		{D6F2764D-FBDB-41A4-8F94-C660C361EE91}.Ad-Hoc|Any CPU.Build.0 = Release|Any CPU
		{D6F2764D-FBDB-41A4-8F94-C660C361EE91}.Ad-Hoc|Any CPU.Deploy.0 = Release|Any CPU
		{D6F2764D-FBDB-41A4-8F94-C660C361EE91}.Ad-Hoc|ARM.ActiveCfg = Release|ARM
		{D6F2764D-FBDB-41A4-8F94-C660C361EE91}.Ad-Hoc|ARM.Build.0 = Release|ARM
		{D6F2764D-FBDB-41A4-8F94-C660C361EE91}.Ad-Hoc|ARM.Deploy.0 = Release|ARM
		{D6F2764D-FBDB-41A4-8F94-C660C361EE91}.Ad-Hoc|iPhone.ActiveCfg = Release|Any CPU
		{D6F2764D-FBDB-41A4-8F94-C660C361EE91}.Ad-Hoc|iPhone.Build.0 = Release|Any CPU
		{D6F2764D-FBDB-41A4-8F94-C660C361EE91}.Ad-Hoc|iPhone.Deploy.0 = Release|Any CPU
		{D6F2764D-FBDB-41A4-8F94-C660C361EE91}.Ad-Hoc|iPhoneSimulator.ActiveCfg = Release|Any CPU
		{D6F2764D-FBDB-41A4-8F94-C660C361EE91}.Ad-Hoc|iPhoneSimulator.Build.0 = Release|Any CPU
		{D6F2764D-FBDB-41A4-8F94-C660C361EE91}.Ad-Hoc|iPhoneSimulator.Deploy.0 = Release|Any CPU
		{D6F2764D-FBDB-41A4-8F94-C660C361EE91}.Ad-Hoc|x64.ActiveCfg = Release|Any CPU
		{D6F2764D-FBDB-41A4-8F94-C660C361EE91}.Ad-Hoc|x64.Build.0 = Release|Any CPU
		{D6F2764D-FBDB-41A4-8F94-C660C361EE91}.Ad-Hoc|x64.Deploy.0 = Release|Any CPU
		{D6F2764D-FBDB-41A4-8F94-C660C361EE91}.Ad-Hoc|x86.ActiveCfg = Release|x86
		{D6F2764D-FBDB-41A4-8F94-C660C361EE91}.Ad-Hoc|x86.Build.0 = Release|x86
		{D6F2764D-FBDB-41A4-8F94-C660C361EE91}.Ad-Hoc|x86.Deploy.0 = Release|x86
		{D6F2764D-FBDB-41A4-8F94-C660C361EE91}.AppStore|Any CPU.ActiveCfg = Release|Any CPU
		{D6F2764D-FBDB-41A4-8F94-C660C361EE91}.AppStore|Any CPU.Build.0 = Release|Any CPU
		{D6F2764D-FBDB-41A4-8F94-C660C361EE91}.AppStore|Any CPU.Deploy.0 = Release|Any CPU
		{D6F2764D-FBDB-41A4-8F94-C660C361EE91}.AppStore|ARM.ActiveCfg = Release|ARM
		{D6F2764D-FBDB-41A4-8F94-C660C361EE91}.AppStore|ARM.Build.0 = Release|ARM
		{D6F2764D-FBDB-41A4-8F94-C660C361EE91}.AppStore|ARM.Deploy.0 = Release|ARM
		{D6F2764D-FBDB-41A4-8F94-C660C361EE91}.AppStore|iPhone.ActiveCfg = Release|Any CPU
		{D6F2764D-FBDB-41A4-8F94-C660C361EE91}.AppStore|iPhone.Build.0 = Release|Any CPU
		{D6F2764D-FBDB-41A4-8F94-C660C361EE91}.AppStore|iPhone.Deploy.0 = Release|Any CPU
		{D6F2764D-FBDB-41A4-8F94-C660C361EE91}.AppStore|iPhoneSimulator.ActiveCfg = Release|Any CPU
		{D6F2764D-FBDB-41A4-8F94-C660C361EE91}.AppStore|iPhoneSimulator.Build.0 = Release|Any CPU
		{D6F2764D-FBDB-41A4-8F94-C660C361EE91}.AppStore|iPhoneSimulator.Deploy.0 = Release|Any CPU
		{D6F2764D-FBDB-41A4-8F94-C660C361EE91}.AppStore|x64.ActiveCfg = Release|Any CPU
		{D6F2764D-FBDB-41A4-8F94-C660C361EE91}.AppStore|x64.Build.0 = Release|Any CPU
		{D6F2764D-FBDB-41A4-8F94-C660C361EE91}.AppStore|x64.Deploy.0 = Release|Any CPU
		{D6F2764D-FBDB-41A4-8F94-C660C361EE91}.AppStore|x86.ActiveCfg = Release|x86
		{D6F2764D-FBDB-41A4-8F94-C660C361EE91}.AppStore|x86.Build.0 = Release|x86
		{D6F2764D-FBDB-41A4-8F94-C660C361EE91}.AppStore|x86.Deploy.0 = Release|x86
		{D6F2764D-FBDB-41A4-8F94-C660C361EE91}.Debug|Any CPU.ActiveCfg = Debug|Any CPU
		{D6F2764D-FBDB-41A4-8F94-C660C361EE91}.Debug|Any CPU.Build.0 = Debug|Any CPU
		{D6F2764D-FBDB-41A4-8F94-C660C361EE91}.Debug|Any CPU.Deploy.0 = Debug|Any CPU
		{D6F2764D-FBDB-41A4-8F94-C660C361EE91}.Debug|ARM.ActiveCfg = Debug|ARM
		{D6F2764D-FBDB-41A4-8F94-C660C361EE91}.Debug|ARM.Build.0 = Debug|ARM
		{D6F2764D-FBDB-41A4-8F94-C660C361EE91}.Debug|ARM.Deploy.0 = Debug|ARM
		{D6F2764D-FBDB-41A4-8F94-C660C361EE91}.Debug|iPhone.ActiveCfg = Debug|Any CPU
		{D6F2764D-FBDB-41A4-8F94-C660C361EE91}.Debug|iPhone.Build.0 = Debug|Any CPU
		{D6F2764D-FBDB-41A4-8F94-C660C361EE91}.Debug|iPhone.Deploy.0 = Debug|Any CPU
		{D6F2764D-FBDB-41A4-8F94-C660C361EE91}.Debug|iPhoneSimulator.ActiveCfg = Debug|Any CPU
		{D6F2764D-FBDB-41A4-8F94-C660C361EE91}.Debug|iPhoneSimulator.Build.0 = Debug|Any CPU
		{D6F2764D-FBDB-41A4-8F94-C660C361EE91}.Debug|iPhoneSimulator.Deploy.0 = Debug|Any CPU
		{D6F2764D-FBDB-41A4-8F94-C660C361EE91}.Debug|x64.ActiveCfg = Debug|Any CPU
		{D6F2764D-FBDB-41A4-8F94-C660C361EE91}.Debug|x64.Build.0 = Debug|Any CPU
		{D6F2764D-FBDB-41A4-8F94-C660C361EE91}.Debug|x64.Deploy.0 = Debug|Any CPU
		{D6F2764D-FBDB-41A4-8F94-C660C361EE91}.Debug|x86.ActiveCfg = Debug|x86
		{D6F2764D-FBDB-41A4-8F94-C660C361EE91}.Debug|x86.Build.0 = Debug|x86
		{D6F2764D-FBDB-41A4-8F94-C660C361EE91}.Debug|x86.Deploy.0 = Debug|x86
		{D6F2764D-FBDB-41A4-8F94-C660C361EE91}.Release|Any CPU.ActiveCfg = Release|Any CPU
		{D6F2764D-FBDB-41A4-8F94-C660C361EE91}.Release|Any CPU.Build.0 = Release|Any CPU
		{D6F2764D-FBDB-41A4-8F94-C660C361EE91}.Release|Any CPU.Deploy.0 = Release|Any CPU
		{D6F2764D-FBDB-41A4-8F94-C660C361EE91}.Release|ARM.ActiveCfg = Release|ARM
		{D6F2764D-FBDB-41A4-8F94-C660C361EE91}.Release|ARM.Build.0 = Release|ARM
		{D6F2764D-FBDB-41A4-8F94-C660C361EE91}.Release|ARM.Deploy.0 = Release|ARM
		{D6F2764D-FBDB-41A4-8F94-C660C361EE91}.Release|iPhone.ActiveCfg = Release|Any CPU
		{D6F2764D-FBDB-41A4-8F94-C660C361EE91}.Release|iPhone.Build.0 = Release|Any CPU
		{D6F2764D-FBDB-41A4-8F94-C660C361EE91}.Release|iPhone.Deploy.0 = Release|Any CPU
		{D6F2764D-FBDB-41A4-8F94-C660C361EE91}.Release|iPhoneSimulator.ActiveCfg = Release|Any CPU
		{D6F2764D-FBDB-41A4-8F94-C660C361EE91}.Release|iPhoneSimulator.Build.0 = Release|Any CPU
		{D6F2764D-FBDB-41A4-8F94-C660C361EE91}.Release|iPhoneSimulator.Deploy.0 = Release|Any CPU
		{D6F2764D-FBDB-41A4-8F94-C660C361EE91}.Release|x64.ActiveCfg = Release|Any CPU
		{D6F2764D-FBDB-41A4-8F94-C660C361EE91}.Release|x64.Build.0 = Release|Any CPU
		{D6F2764D-FBDB-41A4-8F94-C660C361EE91}.Release|x64.Deploy.0 = Release|Any CPU
		{D6F2764D-FBDB-41A4-8F94-C660C361EE91}.Release|x86.ActiveCfg = Release|x86
		{D6F2764D-FBDB-41A4-8F94-C660C361EE91}.Release|x86.Build.0 = Release|x86
		{D6F2764D-FBDB-41A4-8F94-C660C361EE91}.Release|x86.Deploy.0 = Release|x86
		{7887F488-6119-483B-8AE1-6193A10E1263}.Ad-Hoc|Any CPU.ActiveCfg = Release|x86
		{7887F488-6119-483B-8AE1-6193A10E1263}.Ad-Hoc|Any CPU.Build.0 = Release|x86
		{7887F488-6119-483B-8AE1-6193A10E1263}.Ad-Hoc|Any CPU.Deploy.0 = Release|x86
		{7887F488-6119-483B-8AE1-6193A10E1263}.Ad-Hoc|ARM.ActiveCfg = Release|ARM
		{7887F488-6119-483B-8AE1-6193A10E1263}.Ad-Hoc|ARM.Build.0 = Release|ARM
		{7887F488-6119-483B-8AE1-6193A10E1263}.Ad-Hoc|ARM.Deploy.0 = Release|ARM
		{7887F488-6119-483B-8AE1-6193A10E1263}.Ad-Hoc|iPhone.ActiveCfg = Release|x86
		{7887F488-6119-483B-8AE1-6193A10E1263}.Ad-Hoc|iPhone.Build.0 = Release|x86
		{7887F488-6119-483B-8AE1-6193A10E1263}.Ad-Hoc|iPhone.Deploy.0 = Release|x86
		{7887F488-6119-483B-8AE1-6193A10E1263}.Ad-Hoc|iPhoneSimulator.ActiveCfg = Release|x86
		{7887F488-6119-483B-8AE1-6193A10E1263}.Ad-Hoc|iPhoneSimulator.Build.0 = Release|x86
		{7887F488-6119-483B-8AE1-6193A10E1263}.Ad-Hoc|iPhoneSimulator.Deploy.0 = Release|x86
		{7887F488-6119-483B-8AE1-6193A10E1263}.Ad-Hoc|x64.ActiveCfg = Release|x64
		{7887F488-6119-483B-8AE1-6193A10E1263}.Ad-Hoc|x64.Build.0 = Release|x64
		{7887F488-6119-483B-8AE1-6193A10E1263}.Ad-Hoc|x64.Deploy.0 = Release|x64
		{7887F488-6119-483B-8AE1-6193A10E1263}.Ad-Hoc|x86.ActiveCfg = Release|x86
		{7887F488-6119-483B-8AE1-6193A10E1263}.Ad-Hoc|x86.Build.0 = Release|x86
		{7887F488-6119-483B-8AE1-6193A10E1263}.Ad-Hoc|x86.Deploy.0 = Release|x86
		{7887F488-6119-483B-8AE1-6193A10E1263}.AppStore|Any CPU.ActiveCfg = Release|x86
		{7887F488-6119-483B-8AE1-6193A10E1263}.AppStore|Any CPU.Build.0 = Release|x86
		{7887F488-6119-483B-8AE1-6193A10E1263}.AppStore|Any CPU.Deploy.0 = Release|x86
		{7887F488-6119-483B-8AE1-6193A10E1263}.AppStore|ARM.ActiveCfg = Release|ARM
		{7887F488-6119-483B-8AE1-6193A10E1263}.AppStore|ARM.Build.0 = Release|ARM
		{7887F488-6119-483B-8AE1-6193A10E1263}.AppStore|ARM.Deploy.0 = Release|ARM
		{7887F488-6119-483B-8AE1-6193A10E1263}.AppStore|iPhone.ActiveCfg = Release|x86
		{7887F488-6119-483B-8AE1-6193A10E1263}.AppStore|iPhone.Build.0 = Release|x86
		{7887F488-6119-483B-8AE1-6193A10E1263}.AppStore|iPhone.Deploy.0 = Release|x86
		{7887F488-6119-483B-8AE1-6193A10E1263}.AppStore|iPhoneSimulator.ActiveCfg = Release|x86
		{7887F488-6119-483B-8AE1-6193A10E1263}.AppStore|iPhoneSimulator.Build.0 = Release|x86
		{7887F488-6119-483B-8AE1-6193A10E1263}.AppStore|iPhoneSimulator.Deploy.0 = Release|x86
		{7887F488-6119-483B-8AE1-6193A10E1263}.AppStore|x64.ActiveCfg = Release|x64
		{7887F488-6119-483B-8AE1-6193A10E1263}.AppStore|x64.Build.0 = Release|x64
		{7887F488-6119-483B-8AE1-6193A10E1263}.AppStore|x64.Deploy.0 = Release|x64
		{7887F488-6119-483B-8AE1-6193A10E1263}.AppStore|x86.ActiveCfg = Release|x86
		{7887F488-6119-483B-8AE1-6193A10E1263}.AppStore|x86.Build.0 = Release|x86
		{7887F488-6119-483B-8AE1-6193A10E1263}.AppStore|x86.Deploy.0 = Release|x86
		{7887F488-6119-483B-8AE1-6193A10E1263}.Debug|Any CPU.ActiveCfg = Debug|x86
		{7887F488-6119-483B-8AE1-6193A10E1263}.Debug|ARM.ActiveCfg = Debug|ARM
		{7887F488-6119-483B-8AE1-6193A10E1263}.Debug|ARM.Build.0 = Debug|ARM
		{7887F488-6119-483B-8AE1-6193A10E1263}.Debug|ARM.Deploy.0 = Debug|ARM
		{7887F488-6119-483B-8AE1-6193A10E1263}.Debug|iPhone.ActiveCfg = Debug|x86
		{7887F488-6119-483B-8AE1-6193A10E1263}.Debug|iPhoneSimulator.ActiveCfg = Debug|x86
		{7887F488-6119-483B-8AE1-6193A10E1263}.Debug|x64.ActiveCfg = Debug|x64
		{7887F488-6119-483B-8AE1-6193A10E1263}.Debug|x64.Build.0 = Debug|x64
		{7887F488-6119-483B-8AE1-6193A10E1263}.Debug|x64.Deploy.0 = Debug|x64
		{7887F488-6119-483B-8AE1-6193A10E1263}.Debug|x86.ActiveCfg = Debug|x86
		{7887F488-6119-483B-8AE1-6193A10E1263}.Debug|x86.Build.0 = Debug|x86
		{7887F488-6119-483B-8AE1-6193A10E1263}.Debug|x86.Deploy.0 = Debug|x86
		{7887F488-6119-483B-8AE1-6193A10E1263}.Release|Any CPU.ActiveCfg = Release|x86
		{7887F488-6119-483B-8AE1-6193A10E1263}.Release|ARM.ActiveCfg = Release|ARM
		{7887F488-6119-483B-8AE1-6193A10E1263}.Release|ARM.Build.0 = Release|ARM
		{7887F488-6119-483B-8AE1-6193A10E1263}.Release|ARM.Deploy.0 = Release|ARM
		{7887F488-6119-483B-8AE1-6193A10E1263}.Release|iPhone.ActiveCfg = Release|x86
		{7887F488-6119-483B-8AE1-6193A10E1263}.Release|iPhoneSimulator.ActiveCfg = Release|x86
		{7887F488-6119-483B-8AE1-6193A10E1263}.Release|x64.ActiveCfg = Release|x64
		{7887F488-6119-483B-8AE1-6193A10E1263}.Release|x64.Build.0 = Release|x64
		{7887F488-6119-483B-8AE1-6193A10E1263}.Release|x64.Deploy.0 = Release|x64
		{7887F488-6119-483B-8AE1-6193A10E1263}.Release|x86.ActiveCfg = Release|x86
		{7887F488-6119-483B-8AE1-6193A10E1263}.Release|x86.Build.0 = Release|x86
		{7887F488-6119-483B-8AE1-6193A10E1263}.Release|x86.Deploy.0 = Release|x86
		{0D9CBBA2-2627-4DC0-929A-0BF53DB68F5A}.Ad-Hoc|Any CPU.ActiveCfg = Release|Any CPU
		{0D9CBBA2-2627-4DC0-929A-0BF53DB68F5A}.Ad-Hoc|Any CPU.Build.0 = Release|Any CPU
		{0D9CBBA2-2627-4DC0-929A-0BF53DB68F5A}.Ad-Hoc|Any CPU.Deploy.0 = Release|Any CPU
		{0D9CBBA2-2627-4DC0-929A-0BF53DB68F5A}.Ad-Hoc|ARM.ActiveCfg = Release|ARM
		{0D9CBBA2-2627-4DC0-929A-0BF53DB68F5A}.Ad-Hoc|ARM.Build.0 = Release|ARM
		{0D9CBBA2-2627-4DC0-929A-0BF53DB68F5A}.Ad-Hoc|ARM.Deploy.0 = Release|ARM
		{0D9CBBA2-2627-4DC0-929A-0BF53DB68F5A}.Ad-Hoc|iPhone.ActiveCfg = Release|Any CPU
		{0D9CBBA2-2627-4DC0-929A-0BF53DB68F5A}.Ad-Hoc|iPhone.Build.0 = Release|Any CPU
		{0D9CBBA2-2627-4DC0-929A-0BF53DB68F5A}.Ad-Hoc|iPhone.Deploy.0 = Release|Any CPU
		{0D9CBBA2-2627-4DC0-929A-0BF53DB68F5A}.Ad-Hoc|iPhoneSimulator.ActiveCfg = Release|Any CPU
		{0D9CBBA2-2627-4DC0-929A-0BF53DB68F5A}.Ad-Hoc|iPhoneSimulator.Build.0 = Release|Any CPU
		{0D9CBBA2-2627-4DC0-929A-0BF53DB68F5A}.Ad-Hoc|iPhoneSimulator.Deploy.0 = Release|Any CPU
		{0D9CBBA2-2627-4DC0-929A-0BF53DB68F5A}.Ad-Hoc|x64.ActiveCfg = Release|x64
		{0D9CBBA2-2627-4DC0-929A-0BF53DB68F5A}.Ad-Hoc|x64.Build.0 = Release|x64
		{0D9CBBA2-2627-4DC0-929A-0BF53DB68F5A}.Ad-Hoc|x64.Deploy.0 = Release|x64
		{0D9CBBA2-2627-4DC0-929A-0BF53DB68F5A}.Ad-Hoc|x86.ActiveCfg = Release|x86
		{0D9CBBA2-2627-4DC0-929A-0BF53DB68F5A}.Ad-Hoc|x86.Build.0 = Release|x86
		{0D9CBBA2-2627-4DC0-929A-0BF53DB68F5A}.Ad-Hoc|x86.Deploy.0 = Release|x86
		{0D9CBBA2-2627-4DC0-929A-0BF53DB68F5A}.AppStore|Any CPU.ActiveCfg = Release|Any CPU
		{0D9CBBA2-2627-4DC0-929A-0BF53DB68F5A}.AppStore|Any CPU.Build.0 = Release|Any CPU
		{0D9CBBA2-2627-4DC0-929A-0BF53DB68F5A}.AppStore|Any CPU.Deploy.0 = Release|Any CPU
		{0D9CBBA2-2627-4DC0-929A-0BF53DB68F5A}.AppStore|ARM.ActiveCfg = Release|ARM
		{0D9CBBA2-2627-4DC0-929A-0BF53DB68F5A}.AppStore|ARM.Build.0 = Release|ARM
		{0D9CBBA2-2627-4DC0-929A-0BF53DB68F5A}.AppStore|ARM.Deploy.0 = Release|ARM
		{0D9CBBA2-2627-4DC0-929A-0BF53DB68F5A}.AppStore|iPhone.ActiveCfg = Release|Any CPU
		{0D9CBBA2-2627-4DC0-929A-0BF53DB68F5A}.AppStore|iPhone.Build.0 = Release|Any CPU
		{0D9CBBA2-2627-4DC0-929A-0BF53DB68F5A}.AppStore|iPhone.Deploy.0 = Release|Any CPU
		{0D9CBBA2-2627-4DC0-929A-0BF53DB68F5A}.AppStore|iPhoneSimulator.ActiveCfg = Release|Any CPU
		{0D9CBBA2-2627-4DC0-929A-0BF53DB68F5A}.AppStore|iPhoneSimulator.Build.0 = Release|Any CPU
		{0D9CBBA2-2627-4DC0-929A-0BF53DB68F5A}.AppStore|iPhoneSimulator.Deploy.0 = Release|Any CPU
		{0D9CBBA2-2627-4DC0-929A-0BF53DB68F5A}.AppStore|x64.ActiveCfg = Release|x64
		{0D9CBBA2-2627-4DC0-929A-0BF53DB68F5A}.AppStore|x64.Build.0 = Release|x64
		{0D9CBBA2-2627-4DC0-929A-0BF53DB68F5A}.AppStore|x64.Deploy.0 = Release|x64
		{0D9CBBA2-2627-4DC0-929A-0BF53DB68F5A}.AppStore|x86.ActiveCfg = Release|x86
		{0D9CBBA2-2627-4DC0-929A-0BF53DB68F5A}.AppStore|x86.Build.0 = Release|x86
		{0D9CBBA2-2627-4DC0-929A-0BF53DB68F5A}.AppStore|x86.Deploy.0 = Release|x86
		{0D9CBBA2-2627-4DC0-929A-0BF53DB68F5A}.Debug|Any CPU.ActiveCfg = Debug|Any CPU
		{0D9CBBA2-2627-4DC0-929A-0BF53DB68F5A}.Debug|Any CPU.Build.0 = Debug|Any CPU
		{0D9CBBA2-2627-4DC0-929A-0BF53DB68F5A}.Debug|Any CPU.Deploy.0 = Debug|Any CPU
		{0D9CBBA2-2627-4DC0-929A-0BF53DB68F5A}.Debug|ARM.ActiveCfg = Debug|ARM
		{0D9CBBA2-2627-4DC0-929A-0BF53DB68F5A}.Debug|ARM.Build.0 = Debug|ARM
		{0D9CBBA2-2627-4DC0-929A-0BF53DB68F5A}.Debug|ARM.Deploy.0 = Debug|ARM
		{0D9CBBA2-2627-4DC0-929A-0BF53DB68F5A}.Debug|iPhone.ActiveCfg = Debug|Any CPU
		{0D9CBBA2-2627-4DC0-929A-0BF53DB68F5A}.Debug|iPhone.Build.0 = Debug|Any CPU
		{0D9CBBA2-2627-4DC0-929A-0BF53DB68F5A}.Debug|iPhone.Deploy.0 = Debug|Any CPU
		{0D9CBBA2-2627-4DC0-929A-0BF53DB68F5A}.Debug|iPhoneSimulator.ActiveCfg = Debug|Any CPU
		{0D9CBBA2-2627-4DC0-929A-0BF53DB68F5A}.Debug|iPhoneSimulator.Build.0 = Debug|Any CPU
		{0D9CBBA2-2627-4DC0-929A-0BF53DB68F5A}.Debug|iPhoneSimulator.Deploy.0 = Debug|Any CPU
		{0D9CBBA2-2627-4DC0-929A-0BF53DB68F5A}.Debug|x64.ActiveCfg = Debug|x64
		{0D9CBBA2-2627-4DC0-929A-0BF53DB68F5A}.Debug|x64.Build.0 = Debug|x64
		{0D9CBBA2-2627-4DC0-929A-0BF53DB68F5A}.Debug|x64.Deploy.0 = Debug|x64
		{0D9CBBA2-2627-4DC0-929A-0BF53DB68F5A}.Debug|x86.ActiveCfg = Debug|x86
		{0D9CBBA2-2627-4DC0-929A-0BF53DB68F5A}.Debug|x86.Build.0 = Debug|x86
		{0D9CBBA2-2627-4DC0-929A-0BF53DB68F5A}.Debug|x86.Deploy.0 = Debug|x86
		{0D9CBBA2-2627-4DC0-929A-0BF53DB68F5A}.Release|Any CPU.ActiveCfg = Release|Any CPU
		{0D9CBBA2-2627-4DC0-929A-0BF53DB68F5A}.Release|Any CPU.Build.0 = Release|Any CPU
		{0D9CBBA2-2627-4DC0-929A-0BF53DB68F5A}.Release|Any CPU.Deploy.0 = Release|Any CPU
		{0D9CBBA2-2627-4DC0-929A-0BF53DB68F5A}.Release|ARM.ActiveCfg = Release|ARM
		{0D9CBBA2-2627-4DC0-929A-0BF53DB68F5A}.Release|ARM.Build.0 = Release|ARM
		{0D9CBBA2-2627-4DC0-929A-0BF53DB68F5A}.Release|ARM.Deploy.0 = Release|ARM
		{0D9CBBA2-2627-4DC0-929A-0BF53DB68F5A}.Release|iPhone.ActiveCfg = Release|Any CPU
		{0D9CBBA2-2627-4DC0-929A-0BF53DB68F5A}.Release|iPhone.Build.0 = Release|Any CPU
		{0D9CBBA2-2627-4DC0-929A-0BF53DB68F5A}.Release|iPhone.Deploy.0 = Release|Any CPU
		{0D9CBBA2-2627-4DC0-929A-0BF53DB68F5A}.Release|iPhoneSimulator.ActiveCfg = Release|Any CPU
		{0D9CBBA2-2627-4DC0-929A-0BF53DB68F5A}.Release|iPhoneSimulator.Build.0 = Release|Any CPU
		{0D9CBBA2-2627-4DC0-929A-0BF53DB68F5A}.Release|iPhoneSimulator.Deploy.0 = Release|Any CPU
		{0D9CBBA2-2627-4DC0-929A-0BF53DB68F5A}.Release|x64.ActiveCfg = Release|x64
		{0D9CBBA2-2627-4DC0-929A-0BF53DB68F5A}.Release|x64.Build.0 = Release|x64
		{0D9CBBA2-2627-4DC0-929A-0BF53DB68F5A}.Release|x64.Deploy.0 = Release|x64
		{0D9CBBA2-2627-4DC0-929A-0BF53DB68F5A}.Release|x86.ActiveCfg = Release|x86
		{0D9CBBA2-2627-4DC0-929A-0BF53DB68F5A}.Release|x86.Build.0 = Release|x86
		{0D9CBBA2-2627-4DC0-929A-0BF53DB68F5A}.Release|x86.Deploy.0 = Release|x86
		{AA8F11EF-E209-43EA-96B1-BB7BBE9DC582}.Ad-Hoc|Any CPU.ActiveCfg = Release|Any CPU
		{AA8F11EF-E209-43EA-96B1-BB7BBE9DC582}.Ad-Hoc|Any CPU.Build.0 = Release|Any CPU
		{AA8F11EF-E209-43EA-96B1-BB7BBE9DC582}.Ad-Hoc|ARM.ActiveCfg = Release|Any CPU
		{AA8F11EF-E209-43EA-96B1-BB7BBE9DC582}.Ad-Hoc|ARM.Build.0 = Release|Any CPU
		{AA8F11EF-E209-43EA-96B1-BB7BBE9DC582}.Ad-Hoc|iPhone.ActiveCfg = Release|Any CPU
		{AA8F11EF-E209-43EA-96B1-BB7BBE9DC582}.Ad-Hoc|iPhone.Build.0 = Release|Any CPU
		{AA8F11EF-E209-43EA-96B1-BB7BBE9DC582}.Ad-Hoc|iPhoneSimulator.ActiveCfg = Release|Any CPU
		{AA8F11EF-E209-43EA-96B1-BB7BBE9DC582}.Ad-Hoc|iPhoneSimulator.Build.0 = Release|Any CPU
		{AA8F11EF-E209-43EA-96B1-BB7BBE9DC582}.Ad-Hoc|x64.ActiveCfg = Release|Any CPU
		{AA8F11EF-E209-43EA-96B1-BB7BBE9DC582}.Ad-Hoc|x64.Build.0 = Release|Any CPU
		{AA8F11EF-E209-43EA-96B1-BB7BBE9DC582}.Ad-Hoc|x86.ActiveCfg = Release|Any CPU
		{AA8F11EF-E209-43EA-96B1-BB7BBE9DC582}.Ad-Hoc|x86.Build.0 = Release|Any CPU
		{AA8F11EF-E209-43EA-96B1-BB7BBE9DC582}.AppStore|Any CPU.ActiveCfg = Release|Any CPU
		{AA8F11EF-E209-43EA-96B1-BB7BBE9DC582}.AppStore|Any CPU.Build.0 = Release|Any CPU
		{AA8F11EF-E209-43EA-96B1-BB7BBE9DC582}.AppStore|ARM.ActiveCfg = Release|Any CPU
		{AA8F11EF-E209-43EA-96B1-BB7BBE9DC582}.AppStore|ARM.Build.0 = Release|Any CPU
		{AA8F11EF-E209-43EA-96B1-BB7BBE9DC582}.AppStore|iPhone.ActiveCfg = Release|Any CPU
		{AA8F11EF-E209-43EA-96B1-BB7BBE9DC582}.AppStore|iPhone.Build.0 = Release|Any CPU
		{AA8F11EF-E209-43EA-96B1-BB7BBE9DC582}.AppStore|iPhoneSimulator.ActiveCfg = Release|Any CPU
		{AA8F11EF-E209-43EA-96B1-BB7BBE9DC582}.AppStore|iPhoneSimulator.Build.0 = Release|Any CPU
		{AA8F11EF-E209-43EA-96B1-BB7BBE9DC582}.AppStore|x64.ActiveCfg = Release|Any CPU
		{AA8F11EF-E209-43EA-96B1-BB7BBE9DC582}.AppStore|x64.Build.0 = Release|Any CPU
		{AA8F11EF-E209-43EA-96B1-BB7BBE9DC582}.AppStore|x86.ActiveCfg = Release|Any CPU
		{AA8F11EF-E209-43EA-96B1-BB7BBE9DC582}.AppStore|x86.Build.0 = Release|Any CPU
		{AA8F11EF-E209-43EA-96B1-BB7BBE9DC582}.Debug|Any CPU.ActiveCfg = Debug|Any CPU
		{AA8F11EF-E209-43EA-96B1-BB7BBE9DC582}.Debug|Any CPU.Build.0 = Debug|Any CPU
		{AA8F11EF-E209-43EA-96B1-BB7BBE9DC582}.Debug|ARM.ActiveCfg = Debug|Any CPU
		{AA8F11EF-E209-43EA-96B1-BB7BBE9DC582}.Debug|ARM.Build.0 = Debug|Any CPU
		{AA8F11EF-E209-43EA-96B1-BB7BBE9DC582}.Debug|iPhone.ActiveCfg = Debug|Any CPU
		{AA8F11EF-E209-43EA-96B1-BB7BBE9DC582}.Debug|iPhone.Build.0 = Debug|Any CPU
		{AA8F11EF-E209-43EA-96B1-BB7BBE9DC582}.Debug|iPhoneSimulator.ActiveCfg = Debug|Any CPU
		{AA8F11EF-E209-43EA-96B1-BB7BBE9DC582}.Debug|iPhoneSimulator.Build.0 = Debug|Any CPU
		{AA8F11EF-E209-43EA-96B1-BB7BBE9DC582}.Debug|x64.ActiveCfg = Debug|Any CPU
		{AA8F11EF-E209-43EA-96B1-BB7BBE9DC582}.Debug|x64.Build.0 = Debug|Any CPU
		{AA8F11EF-E209-43EA-96B1-BB7BBE9DC582}.Debug|x86.ActiveCfg = Debug|Any CPU
		{AA8F11EF-E209-43EA-96B1-BB7BBE9DC582}.Debug|x86.Build.0 = Debug|Any CPU
		{AA8F11EF-E209-43EA-96B1-BB7BBE9DC582}.Release|Any CPU.ActiveCfg = Release|Any CPU
		{AA8F11EF-E209-43EA-96B1-BB7BBE9DC582}.Release|Any CPU.Build.0 = Release|Any CPU
		{AA8F11EF-E209-43EA-96B1-BB7BBE9DC582}.Release|ARM.ActiveCfg = Release|Any CPU
		{AA8F11EF-E209-43EA-96B1-BB7BBE9DC582}.Release|ARM.Build.0 = Release|Any CPU
		{AA8F11EF-E209-43EA-96B1-BB7BBE9DC582}.Release|iPhone.ActiveCfg = Release|Any CPU
		{AA8F11EF-E209-43EA-96B1-BB7BBE9DC582}.Release|iPhone.Build.0 = Release|Any CPU
		{AA8F11EF-E209-43EA-96B1-BB7BBE9DC582}.Release|iPhoneSimulator.ActiveCfg = Release|Any CPU
		{AA8F11EF-E209-43EA-96B1-BB7BBE9DC582}.Release|iPhoneSimulator.Build.0 = Release|Any CPU
		{AA8F11EF-E209-43EA-96B1-BB7BBE9DC582}.Release|x64.ActiveCfg = Release|Any CPU
		{AA8F11EF-E209-43EA-96B1-BB7BBE9DC582}.Release|x64.Build.0 = Release|Any CPU
		{AA8F11EF-E209-43EA-96B1-BB7BBE9DC582}.Release|x86.ActiveCfg = Release|Any CPU
		{AA8F11EF-E209-43EA-96B1-BB7BBE9DC582}.Release|x86.Build.0 = Release|Any CPU
		{87ADB2AB-1FFA-4FF0-BAD8-DB32D865E8B8}.Ad-Hoc|Any CPU.ActiveCfg = Release|Any CPU
		{87ADB2AB-1FFA-4FF0-BAD8-DB32D865E8B8}.Ad-Hoc|Any CPU.Build.0 = Release|Any CPU
		{87ADB2AB-1FFA-4FF0-BAD8-DB32D865E8B8}.Ad-Hoc|ARM.ActiveCfg = Release|Any CPU
		{87ADB2AB-1FFA-4FF0-BAD8-DB32D865E8B8}.Ad-Hoc|ARM.Build.0 = Release|Any CPU
		{87ADB2AB-1FFA-4FF0-BAD8-DB32D865E8B8}.Ad-Hoc|iPhone.ActiveCfg = Release|Any CPU
		{87ADB2AB-1FFA-4FF0-BAD8-DB32D865E8B8}.Ad-Hoc|iPhone.Build.0 = Release|Any CPU
		{87ADB2AB-1FFA-4FF0-BAD8-DB32D865E8B8}.Ad-Hoc|iPhoneSimulator.ActiveCfg = Release|Any CPU
		{87ADB2AB-1FFA-4FF0-BAD8-DB32D865E8B8}.Ad-Hoc|iPhoneSimulator.Build.0 = Release|Any CPU
		{87ADB2AB-1FFA-4FF0-BAD8-DB32D865E8B8}.Ad-Hoc|x64.ActiveCfg = Release|Any CPU
		{87ADB2AB-1FFA-4FF0-BAD8-DB32D865E8B8}.Ad-Hoc|x64.Build.0 = Release|Any CPU
		{87ADB2AB-1FFA-4FF0-BAD8-DB32D865E8B8}.Ad-Hoc|x86.ActiveCfg = Release|Any CPU
		{87ADB2AB-1FFA-4FF0-BAD8-DB32D865E8B8}.Ad-Hoc|x86.Build.0 = Release|Any CPU
		{87ADB2AB-1FFA-4FF0-BAD8-DB32D865E8B8}.AppStore|Any CPU.ActiveCfg = Release|Any CPU
		{87ADB2AB-1FFA-4FF0-BAD8-DB32D865E8B8}.AppStore|Any CPU.Build.0 = Release|Any CPU
		{87ADB2AB-1FFA-4FF0-BAD8-DB32D865E8B8}.AppStore|ARM.ActiveCfg = Release|Any CPU
		{87ADB2AB-1FFA-4FF0-BAD8-DB32D865E8B8}.AppStore|ARM.Build.0 = Release|Any CPU
		{87ADB2AB-1FFA-4FF0-BAD8-DB32D865E8B8}.AppStore|iPhone.ActiveCfg = Release|Any CPU
		{87ADB2AB-1FFA-4FF0-BAD8-DB32D865E8B8}.AppStore|iPhone.Build.0 = Release|Any CPU
		{87ADB2AB-1FFA-4FF0-BAD8-DB32D865E8B8}.AppStore|iPhoneSimulator.ActiveCfg = Release|Any CPU
		{87ADB2AB-1FFA-4FF0-BAD8-DB32D865E8B8}.AppStore|iPhoneSimulator.Build.0 = Release|Any CPU
		{87ADB2AB-1FFA-4FF0-BAD8-DB32D865E8B8}.AppStore|x64.ActiveCfg = Release|Any CPU
		{87ADB2AB-1FFA-4FF0-BAD8-DB32D865E8B8}.AppStore|x64.Build.0 = Release|Any CPU
		{87ADB2AB-1FFA-4FF0-BAD8-DB32D865E8B8}.AppStore|x86.ActiveCfg = Release|Any CPU
		{87ADB2AB-1FFA-4FF0-BAD8-DB32D865E8B8}.AppStore|x86.Build.0 = Release|Any CPU
		{87ADB2AB-1FFA-4FF0-BAD8-DB32D865E8B8}.Debug|Any CPU.ActiveCfg = Debug|Any CPU
		{87ADB2AB-1FFA-4FF0-BAD8-DB32D865E8B8}.Debug|Any CPU.Build.0 = Debug|Any CPU
		{87ADB2AB-1FFA-4FF0-BAD8-DB32D865E8B8}.Debug|ARM.ActiveCfg = Debug|Any CPU
		{87ADB2AB-1FFA-4FF0-BAD8-DB32D865E8B8}.Debug|ARM.Build.0 = Debug|Any CPU
		{87ADB2AB-1FFA-4FF0-BAD8-DB32D865E8B8}.Debug|iPhone.ActiveCfg = Debug|Any CPU
		{87ADB2AB-1FFA-4FF0-BAD8-DB32D865E8B8}.Debug|iPhone.Build.0 = Debug|Any CPU
		{87ADB2AB-1FFA-4FF0-BAD8-DB32D865E8B8}.Debug|iPhoneSimulator.ActiveCfg = Debug|Any CPU
		{87ADB2AB-1FFA-4FF0-BAD8-DB32D865E8B8}.Debug|iPhoneSimulator.Build.0 = Debug|Any CPU
		{87ADB2AB-1FFA-4FF0-BAD8-DB32D865E8B8}.Debug|x64.ActiveCfg = Debug|Any CPU
		{87ADB2AB-1FFA-4FF0-BAD8-DB32D865E8B8}.Debug|x64.Build.0 = Debug|Any CPU
		{87ADB2AB-1FFA-4FF0-BAD8-DB32D865E8B8}.Debug|x86.ActiveCfg = Debug|Any CPU
		{87ADB2AB-1FFA-4FF0-BAD8-DB32D865E8B8}.Debug|x86.Build.0 = Debug|Any CPU
		{87ADB2AB-1FFA-4FF0-BAD8-DB32D865E8B8}.Release|Any CPU.ActiveCfg = Release|Any CPU
		{87ADB2AB-1FFA-4FF0-BAD8-DB32D865E8B8}.Release|Any CPU.Build.0 = Release|Any CPU
		{87ADB2AB-1FFA-4FF0-BAD8-DB32D865E8B8}.Release|ARM.ActiveCfg = Release|Any CPU
		{87ADB2AB-1FFA-4FF0-BAD8-DB32D865E8B8}.Release|ARM.Build.0 = Release|Any CPU
		{87ADB2AB-1FFA-4FF0-BAD8-DB32D865E8B8}.Release|iPhone.ActiveCfg = Release|Any CPU
		{87ADB2AB-1FFA-4FF0-BAD8-DB32D865E8B8}.Release|iPhone.Build.0 = Release|Any CPU
		{87ADB2AB-1FFA-4FF0-BAD8-DB32D865E8B8}.Release|iPhoneSimulator.ActiveCfg = Release|Any CPU
		{87ADB2AB-1FFA-4FF0-BAD8-DB32D865E8B8}.Release|iPhoneSimulator.Build.0 = Release|Any CPU
		{87ADB2AB-1FFA-4FF0-BAD8-DB32D865E8B8}.Release|x64.ActiveCfg = Release|Any CPU
		{87ADB2AB-1FFA-4FF0-BAD8-DB32D865E8B8}.Release|x64.Build.0 = Release|Any CPU
		{87ADB2AB-1FFA-4FF0-BAD8-DB32D865E8B8}.Release|x86.ActiveCfg = Release|Any CPU
		{87ADB2AB-1FFA-4FF0-BAD8-DB32D865E8B8}.Release|x86.Build.0 = Release|Any CPU
	EndGlobalSection
	GlobalSection(SolutionProperties) = preSolution
		HideSolutionNode = FALSE
	EndGlobalSection
EndGlobal
